
Microsoft Visual Studio Solution File, Format Version 12.00
# Visual Studio Version 17
VisualStudioVersion = 17.5.33516.290
MinimumVisualStudioVersion = 10.0.40219.1
Project("{FAE04EC0-301F-11D3-BF4B-00C04F79EFBC}") = "Problema_1", "Semana 1\Problema_1.csproj", "{BBC91418-F5D2-4820-96B4-BD592C19C0EC}"
EndProject
Project("{FAE04EC0-301F-11D3-BF4B-00C04F79EFBC}") = "Problema_2", "Problema_2\Problema_2.csproj", "{0DA7E129-58FA-4EAE-9CB4-C793E2DF1839}"
EndProject
Project("{FAE04EC0-301F-11D3-BF4B-00C04F79EFBC}") = "Problema_3", "Problema_3\Problema_3.csproj", "{47974434-6C86-4377-A4AA-4F6D8969E91B}"
EndProject
Project("{FAE04EC0-301F-11D3-BF4B-00C04F79EFBC}") = "Problema_4", "Problema_4\Problema_4.csproj", "{C64E1E57-2C6F-489D-9998-85B07F3D79A1}"
EndProject
Project("{FAE04EC0-301F-11D3-BF4B-00C04F79EFBC}") = "Problema_5", "Problema_5\Problema_5.csproj", "{2F86D330-4158-4A80-9468-BF5F790DE019}"
EndProject
Project("{FAE04EC0-301F-11D3-BF4B-00C04F79EFBC}") = "Problema_6", "Problema 6\Problema_6.csproj", "{22472F0E-4745-443C-A058-6B130B7A02DF}"
EndProject
Project("{FAE04EC0-301F-11D3-BF4B-00C04F79EFBC}") = "Problema_7", "Problema_7\Problema_7.csproj", "{402EEAF6-0254-4363-A8A6-2DAC81963D2D}"
EndProject
Project("{FAE04EC0-301F-11D3-BF4B-00C04F79EFBC}") = "Problema_8", "Problema_8\Problema_8.csproj", "{39070D1B-3CB2-4B42-BEE1-17C0ABFCDB36}"
EndProject
Project("{FAE04EC0-301F-11D3-BF4B-00C04F79EFBC}") = "Problema_9", "Problema_9\Problema_9.csproj", "{1842D458-D009-43B7-A1F2-B1DA1544AC26}"
EndProject
Project("{FAE04EC0-301F-11D3-BF4B-00C04F79EFBC}") = "Problema_10", "Problema_10\Problema_10.csproj", "{D50A3AAE-7AAD-4839-99EE-4F275CC43FD5}"
EndProject
Global
	GlobalSection(SolutionConfigurationPlatforms) = preSolution
		Debug|Any CPU = Debug|Any CPU
		Release|Any CPU = Release|Any CPU
	EndGlobalSection
	GlobalSection(ProjectConfigurationPlatforms) = postSolution
		{BBC91418-F5D2-4820-96B4-BD592C19C0EC}.Debug|Any CPU.ActiveCfg = Debug|Any CPU
		{BBC91418-F5D2-4820-96B4-BD592C19C0EC}.Debug|Any CPU.Build.0 = Debug|Any CPU
		{BBC91418-F5D2-4820-96B4-BD592C19C0EC}.Release|Any CPU.ActiveCfg = Release|Any CPU
		{BBC91418-F5D2-4820-96B4-BD592C19C0EC}.Release|Any CPU.Build.0 = Release|Any CPU
		{0DA7E129-58FA-4EAE-9CB4-C793E2DF1839}.Debug|Any CPU.ActiveCfg = Debug|Any CPU
		{0DA7E129-58FA-4EAE-9CB4-C793E2DF1839}.Debug|Any CPU.Build.0 = Debug|Any CPU
		{0DA7E129-58FA-4EAE-9CB4-C793E2DF1839}.Release|Any CPU.ActiveCfg = Release|Any CPU
		{0DA7E129-58FA-4EAE-9CB4-C793E2DF1839}.Release|Any CPU.Build.0 = Release|Any CPU
		{47974434-6C86-4377-A4AA-4F6D8969E91B}.Debug|Any CPU.ActiveCfg = Debug|Any CPU
		{47974434-6C86-4377-A4AA-4F6D8969E91B}.Debug|Any CPU.Build.0 = Debug|Any CPU
		{47974434-6C86-4377-A4AA-4F6D8969E91B}.Release|Any CPU.ActiveCfg = Release|Any CPU
		{47974434-6C86-4377-A4AA-4F6D8969E91B}.Release|Any CPU.Build.0 = Release|Any CPU
		{C64E1E57-2C6F-489D-9998-85B07F3D79A1}.Debug|Any CPU.ActiveCfg = Debug|Any CPU
		{C64E1E57-2C6F-489D-9998-85B07F3D79A1}.Debug|Any CPU.Build.0 = Debug|Any CPU
		{C64E1E57-2C6F-489D-9998-85B07F3D79A1}.Release|Any CPU.ActiveCfg = Release|Any CPU
		{C64E1E57-2C6F-489D-9998-85B07F3D79A1}.Release|Any CPU.Build.0 = Release|Any CPU
		{2F86D330-4158-4A80-9468-BF5F790DE019}.Debug|Any CPU.ActiveCfg = Debug|Any CPU
		{2F86D330-4158-4A80-9468-BF5F790DE019}.Debug|Any CPU.Build.0 = Debug|Any CPU
		{2F86D330-4158-4A80-9468-BF5F790DE019}.Release|Any CPU.ActiveCfg = Release|Any CPU
		{2F86D330-4158-4A80-9468-BF5F790DE019}.Release|Any CPU.Build.0 = Release|Any CPU
		{22472F0E-4745-443C-A058-6B130B7A02DF}.Debug|Any CPU.ActiveCfg = Debug|Any CPU
		{22472F0E-4745-443C-A058-6B130B7A02DF}.Debug|Any CPU.Build.0 = Debug|Any CPU
		{22472F0E-4745-443C-A058-6B130B7A02DF}.Release|Any CPU.ActiveCfg = Release|Any CPU
		{22472F0E-4745-443C-A058-6B130B7A02DF}.Release|Any CPU.Build.0 = Release|Any CPU
		{402EEAF6-0254-4363-A8A6-2DAC81963D2D}.Debug|Any CPU.ActiveCfg = Debug|Any CPU
		{402EEAF6-0254-4363-A8A6-2DAC81963D2D}.Debug|Any CPU.Build.0 = Debug|Any CPU
		{402EEAF6-0254-4363-A8A6-2DAC81963D2D}.Release|Any CPU.ActiveCfg = Release|Any CPU
		{402EEAF6-0254-4363-A8A6-2DAC81963D2D}.Release|Any CPU.Build.0 = Release|Any CPU
		{39070D1B-3CB2-4B42-BEE1-17C0ABFCDB36}.Debug|Any CPU.ActiveCfg = Debug|Any CPU
		{39070D1B-3CB2-4B42-BEE1-17C0ABFCDB36}.Debug|Any CPU.Build.0 = Debug|Any CPU
		{39070D1B-3CB2-4B42-BEE1-17C0ABFCDB36}.Release|Any CPU.ActiveCfg = Release|Any CPU
		{39070D1B-3CB2-4B42-BEE1-17C0ABFCDB36}.Release|Any CPU.Build.0 = Release|Any CPU
		{1842D458-D009-43B7-A1F2-B1DA1544AC26}.Debug|Any CPU.ActiveCfg = Debug|Any CPU
		{1842D458-D009-43B7-A1F2-B1DA1544AC26}.Debug|Any CPU.Build.0 = Debug|Any CPU
		{1842D458-D009-43B7-A1F2-B1DA1544AC26}.Release|Any CPU.ActiveCfg = Release|Any CPU
		{1842D458-D009-43B7-A1F2-B1DA1544AC26}.Release|Any CPU.Build.0 = Release|Any CPU
		{D50A3AAE-7AAD-4839-99EE-4F275CC43FD5}.Debug|Any CPU.ActiveCfg = Debug|Any CPU
		{D50A3AAE-7AAD-4839-99EE-4F275CC43FD5}.Debug|Any CPU.Build.0 = Debug|Any CPU
		{D50A3AAE-7AAD-4839-99EE-4F275CC43FD5}.Release|Any CPU.ActiveCfg = Release|Any CPU
		{D50A3AAE-7AAD-4839-99EE-4F275CC43FD5}.Release|Any CPU.Build.0 = Release|Any CPU
	EndGlobalSection
	GlobalSection(SolutionProperties) = preSolution
		HideSolutionNode = FALSE
	EndGlobalSection
	GlobalSection(ExtensibilityGlobals) = postSolution
		SolutionGuid = {D1BE002A-84A7-41B6-95F8-91240CEF0706}
	EndGlobalSection
EndGlobal
